
Microsoft Visual Studio Solution File, Format Version 12.00
# Visual Studio Version 17
VisualStudioVersion = 17.11.35327.3
MinimumVisualStudioVersion = 10.0.40219.1
Project("{FAE04EC0-301F-11D3-BF4B-00C04F79EFBC}") = "IT API", "IT API\IT API.csproj", "{92084C42-16AB-4FE7-B767-0A1E8AB56DC9}"
EndProject
Global
	GlobalSection(SolutionConfigurationPlatforms) = preSolution
		Debug|Any CPU = Debug|Any CPU
		Release|Any CPU = Release|Any CPU
	EndGlobalSection
	GlobalSection(ProjectConfigurationPlatforms) = postSolution
		{92084C42-16AB-4FE7-B767-0A1E8AB56DC9}.Debug|Any CPU.ActiveCfg = Debug|Any CPU
		{92084C42-16AB-4FE7-B767-0A1E8AB56DC9}.Debug|Any CPU.Build.0 = Debug|Any CPU
		{92084C42-16AB-4FE7-B767-0A1E8AB56DC9}.Release|Any CPU.ActiveCfg = Release|Any CPU
		{92084C42-16AB-4FE7-B767-0A1E8AB56DC9}.Release|Any CPU.Build.0 = Release|Any CPU
	EndGlobalSection
	GlobalSection(SolutionProperties) = preSolution
		HideSolutionNode = FALSE
	EndGlobalSection
	GlobalSection(ExtensibilityGlobals) = postSolution
		SolutionGuid = {0BA8EEF1-22D8-4B12-B988-88C6A4F0CCBC}
	EndGlobalSection
EndGlobal
